Microsoft Visual Studio Solution File, Format Version 12.00
# Visual Studio Version 17
VisualStudioVersion = 17.5.2.0
MinimumVisualStudioVersion = 10.0.40219.1
Project("{FAE04EC0-301F-11D3-BF4B-00C04F79EFBC}") = "UcakBiletiRezervasyonSistemi", "UcakBiletiRezervasyonSistemi.csproj", "{16336988-43DE-A8CA-7262-BD8169A0C075}"
EndProject
Global
	GlobalSection(SolutionConfigurationPlatforms) = preSolution
		Debug|Any CPU = Debug|Any CPU
		Release|Any CPU = Release|Any CPU
	EndGlobalSection
	GlobalSection(ProjectConfigurationPlatforms) = postSolution
		{16336988-43DE-A8CA-7262-BD8169A0C075}.Debug|Any CPU.ActiveCfg = Debug|Any CPU
		{16336988-43DE-A8CA-7262-BD8169A0C075}.Debug|Any CPU.Build.0 = Debug|Any CPU
		{16336988-43DE-A8CA-7262-BD8169A0C075}.Release|Any CPU.ActiveCfg = Release|Any CPU
		{16336988-43DE-A8CA-7262-BD8169A0C075}.Release|Any CPU.Build.0 = Release|Any CPU
	EndGlobalSection
	GlobalSection(SolutionProperties) = preSolution
		HideSolutionNode = FALSE
	EndGlobalSection
	GlobalSection(ExtensibilityGlobals) = postSolution
		SolutionGuid = {D5499A47-D211-464F-8BF2-637A6C697822}
	EndGlobalSection
EndGlobal
